
Microsoft Visual Studio Solution File, Format Version 12.00
# Visual Studio Version 16
VisualStudioVersion = 16.0.30413.136
MinimumVisualStudioVersion = 10.0.40219.1
Project("{FAE04EC0-301F-11D3-BF4B-00C04F79EFBC}") = "FunWithMenus", "FunWithMenus\FunWithMenus.csproj", "{9B198156-D267-4234-BD0C-662E3DE51EF3}"
EndProject
Global
	GlobalSection(SolutionConfigurationPlatforms) = preSolution
		Debug|Any CPU = Debug|Any CPU
		Release|Any CPU = Release|Any CPU
	EndGlobalSection
	GlobalSection(ProjectConfigurationPlatforms) = postSolution
		{9B198156-D267-4234-BD0C-662E3DE51EF3}.Debug|Any CPU.ActiveCfg = Debug|Any CPU
		{9B198156-D267-4234-BD0C-662E3DE51EF3}.Debug|Any CPU.Build.0 = Debug|Any CPU
		{9B198156-D267-4234-BD0C-662E3DE51EF3}.Release|Any CPU.ActiveCfg = Release|Any CPU
		{9B198156-D267-4234-BD0C-662E3DE51EF3}.Release|Any CPU.Build.0 = Release|Any CPU
	EndGlobalSection
	GlobalSection(SolutionProperties) = preSolution
		HideSolutionNode = FALSE
	EndGlobalSection
	GlobalSection(ExtensibilityGlobals) = postSolution
		SolutionGuid = {34332CB8-0594-43B3-AC19-75268BD09E96}
	EndGlobalSection
EndGlobal
