
Microsoft Visual Studio Solution File, Format Version 12.00
# Visual Studio Version 16
VisualStudioVersion = 16.0.30621.155
MinimumVisualStudioVersion = 10.0.40219.1
Project("{9A19103F-16F7-4668-BE54-9A1E7A4F7556}") = "ObserverPatternGasStation", "ObserverPatternGasStation\ObserverPatternGasStation.csproj", "{7A9B0C3C-6942-4BB4-8D29-BAA8073B59E9}"
EndProject
Project("{FAE04EC0-301F-11D3-BF4B-00C04F79EFBC}") = "ObsPtnGasStationDelegate", "ObsPtnGasStationDelegate\ObsPtnGasStationDelegate.csproj", "{FBC3F4B7-7D2A-4C88-8E92-511E2A6DA614}"
EndProject
Global
	GlobalSection(SolutionConfigurationPlatforms) = preSolution
		Debug|Any CPU = Debug|Any CPU
		Release|Any CPU = Release|Any CPU
	EndGlobalSection
	GlobalSection(ProjectConfigurationPlatforms) = postSolution
		{7A9B0C3C-6942-4BB4-8D29-BAA8073B59E9}.Debug|Any CPU.ActiveCfg = Debug|Any CPU
		{7A9B0C3C-6942-4BB4-8D29-BAA8073B59E9}.Debug|Any CPU.Build.0 = Debug|Any CPU
		{7A9B0C3C-6942-4BB4-8D29-BAA8073B59E9}.Release|Any CPU.ActiveCfg = Release|Any CPU
		{7A9B0C3C-6942-4BB4-8D29-BAA8073B59E9}.Release|Any CPU.Build.0 = Release|Any CPU
		{FBC3F4B7-7D2A-4C88-8E92-511E2A6DA614}.Debug|Any CPU.ActiveCfg = Debug|Any CPU
		{FBC3F4B7-7D2A-4C88-8E92-511E2A6DA614}.Debug|Any CPU.Build.0 = Debug|Any CPU
		{FBC3F4B7-7D2A-4C88-8E92-511E2A6DA614}.Release|Any CPU.ActiveCfg = Release|Any CPU
		{FBC3F4B7-7D2A-4C88-8E92-511E2A6DA614}.Release|Any CPU.Build.0 = Release|Any CPU
	EndGlobalSection
	GlobalSection(SolutionProperties) = preSolution
		HideSolutionNode = FALSE
	EndGlobalSection
	GlobalSection(ExtensibilityGlobals) = postSolution
		SolutionGuid = {38D83AB4-07CF-40CF-8B7C-7A9AB7EB4CD7}
	EndGlobalSection
EndGlobal
