
Microsoft Visual Studio Solution File, Format Version 12.00
# Visual Studio Version 16
VisualStudioVersion = 16.0.30503.244
MinimumVisualStudioVersion = 10.0.40219.1
Project("{FAE04EC0-301F-11D3-BF4B-00C04F79EFBC}") = "Morgengry", "Morgengry\Morgengry.csproj", "{5D55DF1A-302C-4FEF-B000-4D14E45B9FE4}"
EndProject
Project("{FAE04EC0-301F-11D3-BF4B-00C04F79EFBC}") = "MorgenGryTest", "MorgenGryTest\MorgenGryTest.csproj", "{987ACE5E-1055-4159-9132-B221DD8951AE}"
EndProject
Global
	GlobalSection(SolutionConfigurationPlatforms) = preSolution
		Debug|Any CPU = Debug|Any CPU
		Release|Any CPU = Release|Any CPU
	EndGlobalSection
	GlobalSection(ProjectConfigurationPlatforms) = postSolution
		{5D55DF1A-302C-4FEF-B000-4D14E45B9FE4}.Debug|Any CPU.ActiveCfg = Debug|Any CPU
		{5D55DF1A-302C-4FEF-B000-4D14E45B9FE4}.Debug|Any CPU.Build.0 = Debug|Any CPU
		{5D55DF1A-302C-4FEF-B000-4D14E45B9FE4}.Release|Any CPU.ActiveCfg = Release|Any CPU
		{5D55DF1A-302C-4FEF-B000-4D14E45B9FE4}.Release|Any CPU.Build.0 = Release|Any CPU
		{987ACE5E-1055-4159-9132-B221DD8951AE}.Debug|Any CPU.ActiveCfg = Debug|Any CPU
		{987ACE5E-1055-4159-9132-B221DD8951AE}.Debug|Any CPU.Build.0 = Debug|Any CPU
		{987ACE5E-1055-4159-9132-B221DD8951AE}.Release|Any CPU.ActiveCfg = Release|Any CPU
		{987ACE5E-1055-4159-9132-B221DD8951AE}.Release|Any CPU.Build.0 = Release|Any CPU
	EndGlobalSection
	GlobalSection(SolutionProperties) = preSolution
		HideSolutionNode = FALSE
	EndGlobalSection
	GlobalSection(ExtensibilityGlobals) = postSolution
		SolutionGuid = {E7380160-F344-45F1-A932-B99085F20929}
	EndGlobalSection
EndGlobal
