
Microsoft Visual Studio Solution File, Format Version 12.00
# Visual Studio Version 16
VisualStudioVersion = 16.0.30517.126
MinimumVisualStudioVersion = 10.0.40219.1
Project("{FAE04EC0-301F-11D3-BF4B-00C04F79EFBC}") = "GettingReal", "GettingReal\GettingReal.csproj", "{442DF2A5-5B9E-4380-A92A-56540A2C6D5D}"
EndProject
Global
	GlobalSection(SolutionConfigurationPlatforms) = preSolution
		Debug|Any CPU = Debug|Any CPU
		Release|Any CPU = Release|Any CPU
	EndGlobalSection
	GlobalSection(ProjectConfigurationPlatforms) = postSolution
		{442DF2A5-5B9E-4380-A92A-56540A2C6D5D}.Debug|Any CPU.ActiveCfg = Debug|Any CPU
		{442DF2A5-5B9E-4380-A92A-56540A2C6D5D}.Debug|Any CPU.Build.0 = Debug|Any CPU
		{442DF2A5-5B9E-4380-A92A-56540A2C6D5D}.Release|Any CPU.ActiveCfg = Release|Any CPU
		{442DF2A5-5B9E-4380-A92A-56540A2C6D5D}.Release|Any CPU.Build.0 = Release|Any CPU
	EndGlobalSection
	GlobalSection(SolutionProperties) = preSolution
		HideSolutionNode = FALSE
	EndGlobalSection
	GlobalSection(ExtensibilityGlobals) = postSolution
		SolutionGuid = {AEBE1103-4127-4FA1-B9EB-7E28392950E9}
	EndGlobalSection
EndGlobal
